
Microsoft Visual Studio Solution File, Format Version 12.00
# Visual Studio Version 17
VisualStudioVersion = 17.0.31912.275
MinimumVisualStudioVersion = 10.0.40219.1
Project("{FAE04EC0-301F-11D3-BF4B-00C04F79EFBC}") = "TrabalhoPedrin", "TrabalhoPedrin\TrabalhoPedrin.csproj", "{E96A443F-B8D1-4980-846E-ADF6D352E88A}"
EndProject
Global
	GlobalSection(SolutionConfigurationPlatforms) = preSolution
		Debug|Any CPU = Debug|Any CPU
		Release|Any CPU = Release|Any CPU
	EndGlobalSection
	GlobalSection(ProjectConfigurationPlatforms) = postSolution
		{E96A443F-B8D1-4980-846E-ADF6D352E88A}.Debug|Any CPU.ActiveCfg = Debug|Any CPU
		{E96A443F-B8D1-4980-846E-ADF6D352E88A}.Debug|Any CPU.Build.0 = Debug|Any CPU
		{E96A443F-B8D1-4980-846E-ADF6D352E88A}.Release|Any CPU.ActiveCfg = Release|Any CPU
		{E96A443F-B8D1-4980-846E-ADF6D352E88A}.Release|Any CPU.Build.0 = Release|Any CPU
	EndGlobalSection
	GlobalSection(SolutionProperties) = preSolution
		HideSolutionNode = FALSE
	EndGlobalSection
	GlobalSection(ExtensibilityGlobals) = postSolution
		SolutionGuid = {CEF9934A-1F71-4AAB-8E6B-A6A794785288}
	EndGlobalSection
EndGlobal
